
Microsoft Visual Studio Solution File, Format Version 12.00
# Visual Studio Version 17
VisualStudioVersion = 17.8.34316.72
MinimumVisualStudioVersion = 10.0.40219.1
Project("{8BC9CEB8-8B4A-11D0-8D11-00A0C91BC942}") = "Day1", "Day1\Day1.vcxproj", "{1CEC6511-661E-4637-A84D-5AF9BF28BEEA}"
EndProject
Project("{9A19103F-16F7-4668-BE54-9A1E7A4F7556}") = "Day2_CS", "Day2_CS\Day2_CS.csproj", "{0CC8FED4-21C8-4B31-ADE2-05C7DED3FDF9}"
EndProject
Project("{8BC9CEB8-8B4A-11D0-8D11-00A0C91BC942}") = "Day2", "Day2\Day2.vcxproj", "{101ECCA5-8147-4784-BB39-43D5C7BBA553}"
EndProject
Project("{8BC9CEB8-8B4A-11D0-8D11-00A0C91BC942}") = "Day3", "Day3\Day3.vcxproj", "{D8E3AE6E-0B94-4687-9330-441202FA532C}"
EndProject
Project("{8BC9CEB8-8B4A-11D0-8D11-00A0C91BC942}") = "Day4", "Day4\Day4.vcxproj", "{4B2D5EE7-E38F-403C-AA44-BE92B77D3DCA}"
EndProject
Global
	GlobalSection(SolutionConfigurationPlatforms) = preSolution
		Debug|Any CPU = Debug|Any CPU
		Debug|x64 = Debug|x64
		Debug|x86 = Debug|x86
		Release|Any CPU = Release|Any CPU
		Release|x64 = Release|x64
		Release|x86 = Release|x86
	EndGlobalSection
	GlobalSection(ProjectConfigurationPlatforms) = postSolution
		{1CEC6511-661E-4637-A84D-5AF9BF28BEEA}.Debug|Any CPU.ActiveCfg = Debug|x64
		{1CEC6511-661E-4637-A84D-5AF9BF28BEEA}.Debug|Any CPU.Build.0 = Debug|x64
		{1CEC6511-661E-4637-A84D-5AF9BF28BEEA}.Debug|x64.ActiveCfg = Debug|x64
		{1CEC6511-661E-4637-A84D-5AF9BF28BEEA}.Debug|x64.Build.0 = Debug|x64
		{1CEC6511-661E-4637-A84D-5AF9BF28BEEA}.Debug|x86.ActiveCfg = Debug|Win32
		{1CEC6511-661E-4637-A84D-5AF9BF28BEEA}.Debug|x86.Build.0 = Debug|Win32
		{1CEC6511-661E-4637-A84D-5AF9BF28BEEA}.Release|Any CPU.ActiveCfg = Release|x64
		{1CEC6511-661E-4637-A84D-5AF9BF28BEEA}.Release|Any CPU.Build.0 = Release|x64
		{1CEC6511-661E-4637-A84D-5AF9BF28BEEA}.Release|x64.ActiveCfg = Release|x64
		{1CEC6511-661E-4637-A84D-5AF9BF28BEEA}.Release|x64.Build.0 = Release|x64
		{1CEC6511-661E-4637-A84D-5AF9BF28BEEA}.Release|x86.ActiveCfg = Release|Win32
		{1CEC6511-661E-4637-A84D-5AF9BF28BEEA}.Release|x86.Build.0 = Release|Win32
		{0CC8FED4-21C8-4B31-ADE2-05C7DED3FDF9}.Debug|Any CPU.ActiveCfg = Debug|Any CPU
		{0CC8FED4-21C8-4B31-ADE2-05C7DED3FDF9}.Debug|Any CPU.Build.0 = Debug|Any CPU
		{0CC8FED4-21C8-4B31-ADE2-05C7DED3FDF9}.Debug|x64.ActiveCfg = Debug|Any CPU
		{0CC8FED4-21C8-4B31-ADE2-05C7DED3FDF9}.Debug|x64.Build.0 = Debug|Any CPU
		{0CC8FED4-21C8-4B31-ADE2-05C7DED3FDF9}.Debug|x86.ActiveCfg = Debug|Any CPU
		{0CC8FED4-21C8-4B31-ADE2-05C7DED3FDF9}.Debug|x86.Build.0 = Debug|Any CPU
		{0CC8FED4-21C8-4B31-ADE2-05C7DED3FDF9}.Release|Any CPU.ActiveCfg = Release|Any CPU
		{0CC8FED4-21C8-4B31-ADE2-05C7DED3FDF9}.Release|Any CPU.Build.0 = Release|Any CPU
		{0CC8FED4-21C8-4B31-ADE2-05C7DED3FDF9}.Release|x64.ActiveCfg = Release|Any CPU
		{0CC8FED4-21C8-4B31-ADE2-05C7DED3FDF9}.Release|x64.Build.0 = Release|Any CPU
		{0CC8FED4-21C8-4B31-ADE2-05C7DED3FDF9}.Release|x86.ActiveCfg = Release|Any CPU
		{0CC8FED4-21C8-4B31-ADE2-05C7DED3FDF9}.Release|x86.Build.0 = Release|Any CPU
		{101ECCA5-8147-4784-BB39-43D5C7BBA553}.Debug|Any CPU.ActiveCfg = Debug|x64
		{101ECCA5-8147-4784-BB39-43D5C7BBA553}.Debug|Any CPU.Build.0 = Debug|x64
		{101ECCA5-8147-4784-BB39-43D5C7BBA553}.Debug|x64.ActiveCfg = Debug|x64
		{101ECCA5-8147-4784-BB39-43D5C7BBA553}.Debug|x64.Build.0 = Debug|x64
		{101ECCA5-8147-4784-BB39-43D5C7BBA553}.Debug|x86.ActiveCfg = Debug|Win32
		{101ECCA5-8147-4784-BB39-43D5C7BBA553}.Debug|x86.Build.0 = Debug|Win32
		{101ECCA5-8147-4784-BB39-43D5C7BBA553}.Release|Any CPU.ActiveCfg = Release|x64
		{101ECCA5-8147-4784-BB39-43D5C7BBA553}.Release|Any CPU.Build.0 = Release|x64
		{101ECCA5-8147-4784-BB39-43D5C7BBA553}.Release|x64.ActiveCfg = Release|x64
		{101ECCA5-8147-4784-BB39-43D5C7BBA553}.Release|x64.Build.0 = Release|x64
		{101ECCA5-8147-4784-BB39-43D5C7BBA553}.Release|x86.ActiveCfg = Release|Win32
		{101ECCA5-8147-4784-BB39-43D5C7BBA553}.Release|x86.Build.0 = Release|Win32
		{D8E3AE6E-0B94-4687-9330-441202FA532C}.Debug|Any CPU.ActiveCfg = Debug|x64
		{D8E3AE6E-0B94-4687-9330-441202FA532C}.Debug|Any CPU.Build.0 = Debug|x64
		{D8E3AE6E-0B94-4687-9330-441202FA532C}.Debug|x64.ActiveCfg = Debug|x64
		{D8E3AE6E-0B94-4687-9330-441202FA532C}.Debug|x64.Build.0 = Debug|x64
		{D8E3AE6E-0B94-4687-9330-441202FA532C}.Debug|x86.ActiveCfg = Debug|Win32
		{D8E3AE6E-0B94-4687-9330-441202FA532C}.Debug|x86.Build.0 = Debug|Win32
		{D8E3AE6E-0B94-4687-9330-441202FA532C}.Release|Any CPU.ActiveCfg = Release|x64
		{D8E3AE6E-0B94-4687-9330-441202FA532C}.Release|Any CPU.Build.0 = Release|x64
		{D8E3AE6E-0B94-4687-9330-441202FA532C}.Release|x64.ActiveCfg = Release|x64
		{D8E3AE6E-0B94-4687-9330-441202FA532C}.Release|x64.Build.0 = Release|x64
		{D8E3AE6E-0B94-4687-9330-441202FA532C}.Release|x86.ActiveCfg = Release|Win32
		{D8E3AE6E-0B94-4687-9330-441202FA532C}.Release|x86.Build.0 = Release|Win32
		{4B2D5EE7-E38F-403C-AA44-BE92B77D3DCA}.Debug|Any CPU.ActiveCfg = Debug|x64
		{4B2D5EE7-E38F-403C-AA44-BE92B77D3DCA}.Debug|Any CPU.Build.0 = Debug|x64
		{4B2D5EE7-E38F-403C-AA44-BE92B77D3DCA}.Debug|x64.ActiveCfg = Debug|x64
		{4B2D5EE7-E38F-403C-AA44-BE92B77D3DCA}.Debug|x64.Build.0 = Debug|x64
		{4B2D5EE7-E38F-403C-AA44-BE92B77D3DCA}.Debug|x86.ActiveCfg = Debug|Win32
		{4B2D5EE7-E38F-403C-AA44-BE92B77D3DCA}.Debug|x86.Build.0 = Debug|Win32
		{4B2D5EE7-E38F-403C-AA44-BE92B77D3DCA}.Release|Any CPU.ActiveCfg = Release|x64
		{4B2D5EE7-E38F-403C-AA44-BE92B77D3DCA}.Release|Any CPU.Build.0 = Release|x64
		{4B2D5EE7-E38F-403C-AA44-BE92B77D3DCA}.Release|x64.ActiveCfg = Release|x64
		{4B2D5EE7-E38F-403C-AA44-BE92B77D3DCA}.Release|x64.Build.0 = Release|x64
		{4B2D5EE7-E38F-403C-AA44-BE92B77D3DCA}.Release|x86.ActiveCfg = Release|Win32
		{4B2D5EE7-E38F-403C-AA44-BE92B77D3DCA}.Release|x86.Build.0 = Release|Win32
	EndGlobalSection
	GlobalSection(SolutionProperties) = preSolution
		HideSolutionNode = FALSE
	EndGlobalSection
	GlobalSection(ExtensibilityGlobals) = postSolution
		SolutionGuid = {2FFACF03-8110-4E30-A25A-73C2B3F0EA26}
	EndGlobalSection
EndGlobal
